
Microsoft Visual Studio Solution File, Format Version 12.00
# Visual Studio 15
VisualStudioVersion = 15.0.28010.2048
MinimumVisualStudioVersion = 10.0.40219.1
Project("{FAE04EC0-301F-11D3-BF4B-00C04F79EFBC}") = "App01_ConsutarCEP.Android", "App01_ConsutarCEP\App01_ConsutarCEP.Android\App01_ConsutarCEP.Android.csproj", "{3DB19D1D-C72F-40E1-8104-A5613C6949B4}"
EndProject
Project("{FAE04EC0-301F-11D3-BF4B-00C04F79EFBC}") = "App01_ConsutarCEP.iOS", "App01_ConsutarCEP\App01_ConsutarCEP.iOS\App01_ConsutarCEP.iOS.csproj", "{8AD98784-D0B4-4FCD-A878-39C315074703}"
EndProject
Project("{FAE04EC0-301F-11D3-BF4B-00C04F79EFBC}") = "App01_ConsutarCEP.UWP", "App01_ConsutarCEP\App01_ConsutarCEP.UWP\App01_ConsutarCEP.UWP.csproj", "{92B625BC-3EC5-4E52-BABC-A9DD4DF17B31}"
EndProject
Project("{FAE04EC0-301F-11D3-BF4B-00C04F79EFBC}") = "App01_ConsutarCEP", "App01_ConsutarCEP\App01_ConsutarCEP\App01_ConsutarCEP.csproj", "{1660BFF3-728B-41EA-9204-88B1183D8268}"
EndProject
Global
	GlobalSection(SolutionConfigurationPlatforms) = preSolution
		Ad-Hoc|Any CPU = Ad-Hoc|Any CPU
		Ad-Hoc|ARM = Ad-Hoc|ARM
		Ad-Hoc|iPhone = Ad-Hoc|iPhone
		Ad-Hoc|iPhoneSimulator = Ad-Hoc|iPhoneSimulator
		Ad-Hoc|x64 = Ad-Hoc|x64
		Ad-Hoc|x86 = Ad-Hoc|x86
		AppStore|Any CPU = AppStore|Any CPU
		AppStore|ARM = AppStore|ARM
		AppStore|iPhone = AppStore|iPhone
		AppStore|iPhoneSimulator = AppStore|iPhoneSimulator
		AppStore|x64 = AppStore|x64
		AppStore|x86 = AppStore|x86
		Debug|Any CPU = Debug|Any CPU
		Debug|ARM = Debug|ARM
		Debug|iPhone = Debug|iPhone
		Debug|iPhoneSimulator = Debug|iPhoneSimulator
		Debug|x64 = Debug|x64
		Debug|x86 = Debug|x86
		Release|Any CPU = Release|Any CPU
		Release|ARM = Release|ARM
		Release|iPhone = Release|iPhone
		Release|iPhoneSimulator = Release|iPhoneSimulator
		Release|x64 = Release|x64
		Release|x86 = Release|x86
	EndGlobalSection
	GlobalSection(ProjectConfigurationPlatforms) = postSolution
		{3DB19D1D-C72F-40E1-8104-A5613C6949B4}.Ad-Hoc|Any CPU.ActiveCfg = Release|Any CPU
		{3DB19D1D-C72F-40E1-8104-A5613C6949B4}.Ad-Hoc|Any CPU.Build.0 = Release|Any CPU
		{3DB19D1D-C72F-40E1-8104-A5613C6949B4}.Ad-Hoc|Any CPU.Deploy.0 = Release|Any CPU
		{3DB19D1D-C72F-40E1-8104-A5613C6949B4}.Ad-Hoc|ARM.ActiveCfg = Release|Any CPU
		{3DB19D1D-C72F-40E1-8104-A5613C6949B4}.Ad-Hoc|ARM.Build.0 = Release|Any CPU
		{3DB19D1D-C72F-40E1-8104-A5613C6949B4}.Ad-Hoc|ARM.Deploy.0 = Release|Any CPU
		{3DB19D1D-C72F-40E1-8104-A5613C6949B4}.Ad-Hoc|iPhone.ActiveCfg = Release|Any CPU
		{3DB19D1D-C72F-40E1-8104-A5613C6949B4}.Ad-Hoc|iPhone.Build.0 = Release|Any CPU
		{3DB19D1D-C72F-40E1-8104-A5613C6949B4}.Ad-Hoc|iPhone.Deploy.0 = Release|Any CPU
		{3DB19D1D-C72F-40E1-8104-A5613C6949B4}.Ad-Hoc|iPhoneSimulator.ActiveCfg = Release|Any CPU
		{3DB19D1D-C72F-40E1-8104-A5613C6949B4}.Ad-Hoc|iPhoneSimulator.Build.0 = Release|Any CPU
		{3DB19D1D-C72F-40E1-8104-A5613C6949B4}.Ad-Hoc|iPhoneSimulator.Deploy.0 = Release|Any CPU
		{3DB19D1D-C72F-40E1-8104-A5613C6949B4}.Ad-Hoc|x64.ActiveCfg = Release|Any CPU
		{3DB19D1D-C72F-40E1-8104-A5613C6949B4}.Ad-Hoc|x64.Build.0 = Release|Any CPU
		{3DB19D1D-C72F-40E1-8104-A5613C6949B4}.Ad-Hoc|x64.Deploy.0 = Release|Any CPU
		{3DB19D1D-C72F-40E1-8104-A5613C6949B4}.Ad-Hoc|x86.ActiveCfg = Release|Any CPU
		{3DB19D1D-C72F-40E1-8104-A5613C6949B4}.Ad-Hoc|x86.Build.0 = Release|Any CPU
		{3DB19D1D-C72F-40E1-8104-A5613C6949B4}.Ad-Hoc|x86.Deploy.0 = Release|Any CPU
		{3DB19D1D-C72F-40E1-8104-A5613C6949B4}.AppStore|Any CPU.ActiveCfg = Release|Any CPU
		{3DB19D1D-C72F-40E1-8104-A5613C6949B4}.AppStore|Any CPU.Build.0 = Release|Any CPU
		{3DB19D1D-C72F-40E1-8104-A5613C6949B4}.AppStore|Any CPU.Deploy.0 = Release|Any CPU
		{3DB19D1D-C72F-40E1-8104-A5613C6949B4}.AppStore|ARM.ActiveCfg = Release|Any CPU
		{3DB19D1D-C72F-40E1-8104-A5613C6949B4}.AppStore|ARM.Build.0 = Release|Any CPU
		{3DB19D1D-C72F-40E1-8104-A5613C6949B4}.AppStore|ARM.Deploy.0 = Release|Any CPU
		{3DB19D1D-C72F-40E1-8104-A5613C6949B4}.AppStore|iPhone.ActiveCfg = Release|Any CPU
		{3DB19D1D-C72F-40E1-8104-A5613C6949B4}.AppStore|iPhone.Build.0 = Release|Any CPU
		{3DB19D1D-C72F-40E1-8104-A5613C6949B4}.AppStore|iPhone.Deploy.0 = Release|Any CPU
		{3DB19D1D-C72F-40E1-8104-A5613C6949B4}.AppStore|iPhoneSimulator.ActiveCfg = Release|Any CPU
		{3DB19D1D-C72F-40E1-8104-A5613C6949B4}.AppStore|iPhoneSimulator.Build.0 = Release|Any CPU
		{3DB19D1D-C72F-40E1-8104-A5613C6949B4}.AppStore|iPhoneSimulator.Deploy.0 = Release|Any CPU
		{3DB19D1D-C72F-40E1-8104-A5613C6949B4}.AppStore|x64.ActiveCfg = Release|Any CPU
		{3DB19D1D-C72F-40E1-8104-A5613C6949B4}.AppStore|x64.Build.0 = Release|Any CPU
		{3DB19D1D-C72F-40E1-8104-A5613C6949B4}.AppStore|x64.Deploy.0 = Release|Any CPU
		{3DB19D1D-C72F-40E1-8104-A5613C6949B4}.AppStore|x86.ActiveCfg = Release|Any CPU
		{3DB19D1D-C72F-40E1-8104-A5613C6949B4}.AppStore|x86.Build.0 = Release|Any CPU
		{3DB19D1D-C72F-40E1-8104-A5613C6949B4}.AppStore|x86.Deploy.0 = Release|Any CPU
		{3DB19D1D-C72F-40E1-8104-A5613C6949B4}.Debug|Any CPU.ActiveCfg = Debug|Any CPU
		{3DB19D1D-C72F-40E1-8104-A5613C6949B4}.Debug|Any CPU.Build.0 = Debug|Any CPU
		{3DB19D1D-C72F-40E1-8104-A5613C6949B4}.Debug|Any CPU.Deploy.0 = Debug|Any CPU
		{3DB19D1D-C72F-40E1-8104-A5613C6949B4}.Debug|ARM.ActiveCfg = Debug|Any CPU
		{3DB19D1D-C72F-40E1-8104-A5613C6949B4}.Debug|ARM.Build.0 = Debug|Any CPU
		{3DB19D1D-C72F-40E1-8104-A5613C6949B4}.Debug|ARM.Deploy.0 = Debug|Any CPU
		{3DB19D1D-C72F-40E1-8104-A5613C6949B4}.Debug|iPhone.ActiveCfg = Debug|Any CPU
		{3DB19D1D-C72F-40E1-8104-A5613C6949B4}.Debug|iPhone.Build.0 = Debug|Any CPU
		{3DB19D1D-C72F-40E1-8104-A5613C6949B4}.Debug|iPhone.Deploy.0 = Debug|Any CPU
		{3DB19D1D-C72F-40E1-8104-A5613C6949B4}.Debug|iPhoneSimulator.ActiveCfg = Debug|Any CPU
		{3DB19D1D-C72F-40E1-8104-A5613C6949B4}.Debug|iPhoneSimulator.Build.0 = Debug|Any CPU
		{3DB19D1D-C72F-40E1-8104-A5613C6949B4}.Debug|iPhoneSimulator.Deploy.0 = Debug|Any CPU
		{3DB19D1D-C72F-40E1-8104-A5613C6949B4}.Debug|x64.ActiveCfg = Debug|Any CPU
		{3DB19D1D-C72F-40E1-8104-A5613C6949B4}.Debug|x64.Build.0 = Debug|Any CPU
		{3DB19D1D-C72F-40E1-8104-A5613C6949B4}.Debug|x64.Deploy.0 = Debug|Any CPU
		{3DB19D1D-C72F-40E1-8104-A5613C6949B4}.Debug|x86.ActiveCfg = Debug|Any CPU
		{3DB19D1D-C72F-40E1-8104-A5613C6949B4}.Debug|x86.Build.0 = Debug|Any CPU
		{3DB19D1D-C72F-40E1-8104-A5613C6949B4}.Debug|x86.Deploy.0 = Debug|Any CPU
		{3DB19D1D-C72F-40E1-8104-A5613C6949B4}.Release|Any CPU.ActiveCfg = Release|Any CPU
		{3DB19D1D-C72F-40E1-8104-A5613C6949B4}.Release|Any CPU.Build.0 = Release|Any CPU
		{3DB19D1D-C72F-40E1-8104-A5613C6949B4}.Release|Any CPU.Deploy.0 = Release|Any CPU
		{3DB19D1D-C72F-40E1-8104-A5613C6949B4}.Release|ARM.ActiveCfg = Release|Any CPU
		{3DB19D1D-C72F-40E1-8104-A5613C6949B4}.Release|ARM.Build.0 = Release|Any CPU
		{3DB19D1D-C72F-40E1-8104-A5613C6949B4}.Release|ARM.Deploy.0 = Release|Any CPU
		{3DB19D1D-C72F-40E1-8104-A5613C6949B4}.Release|iPhone.ActiveCfg = Release|Any CPU
		{3DB19D1D-C72F-40E1-8104-A5613C6949B4}.Release|iPhone.Build.0 = Release|Any CPU
		{3DB19D1D-C72F-40E1-8104-A5613C6949B4}.Release|iPhone.Deploy.0 = Release|Any CPU
		{3DB19D1D-C72F-40E1-8104-A5613C6949B4}.Release|iPhoneSimulator.ActiveCfg = Release|Any CPU
		{3DB19D1D-C72F-40E1-8104-A5613C6949B4}.Release|iPhoneSimulator.Build.0 = Release|Any CPU
		{3DB19D1D-C72F-40E1-8104-A5613C6949B4}.Release|iPhoneSimulator.Deploy.0 = Release|Any CPU
		{3DB19D1D-C72F-40E1-8104-A5613C6949B4}.Release|x64.ActiveCfg = Release|Any CPU
		{3DB19D1D-C72F-40E1-8104-A5613C6949B4}.Release|x64.Build.0 = Release|Any CPU
		{3DB19D1D-C72F-40E1-8104-A5613C6949B4}.Release|x64.Deploy.0 = Release|Any CPU
		{3DB19D1D-C72F-40E1-8104-A5613C6949B4}.Release|x86.ActiveCfg = Release|Any CPU
		{3DB19D1D-C72F-40E1-8104-A5613C6949B4}.Release|x86.Build.0 = Release|Any CPU
		{3DB19D1D-C72F-40E1-8104-A5613C6949B4}.Release|x86.Deploy.0 = Release|Any CPU
		{8AD98784-D0B4-4FCD-A878-39C315074703}.Ad-Hoc|Any CPU.ActiveCfg = Ad-Hoc|iPhone
		{8AD98784-D0B4-4FCD-A878-39C315074703}.Ad-Hoc|Any CPU.Build.0 = Ad-Hoc|iPhone
		{8AD98784-D0B4-4FCD-A878-39C315074703}.Ad-Hoc|Any CPU.Deploy.0 = Ad-Hoc|iPhone
		{8AD98784-D0B4-4FCD-A878-39C315074703}.Ad-Hoc|ARM.ActiveCfg = Ad-Hoc|iPhone
		{8AD98784-D0B4-4FCD-A878-39C315074703}.Ad-Hoc|ARM.Build.0 = Ad-Hoc|iPhone
		{8AD98784-D0B4-4FCD-A878-39C315074703}.Ad-Hoc|ARM.Deploy.0 = Ad-Hoc|iPhone
		{8AD98784-D0B4-4FCD-A878-39C315074703}.Ad-Hoc|iPhone.ActiveCfg = Ad-Hoc|iPhone
		{8AD98784-D0B4-4FCD-A878-39C315074703}.Ad-Hoc|iPhone.Build.0 = Ad-Hoc|iPhone
		{8AD98784-D0B4-4FCD-A878-39C315074703}.Ad-Hoc|iPhone.Deploy.0 = Ad-Hoc|iPhone
		{8AD98784-D0B4-4FCD-A878-39C315074703}.Ad-Hoc|iPhoneSimulator.ActiveCfg = Ad-Hoc|iPhoneSimulator
		{8AD98784-D0B4-4FCD-A878-39C315074703}.Ad-Hoc|iPhoneSimulator.Build.0 = Ad-Hoc|iPhoneSimulator
		{8AD98784-D0B4-4FCD-A878-39C315074703}.Ad-Hoc|iPhoneSimulator.Deploy.0 = Ad-Hoc|iPhoneSimulator
		{8AD98784-D0B4-4FCD-A878-39C315074703}.Ad-Hoc|x64.ActiveCfg = Ad-Hoc|iPhone
		{8AD98784-D0B4-4FCD-A878-39C315074703}.Ad-Hoc|x64.Build.0 = Ad-Hoc|iPhone
		{8AD98784-D0B4-4FCD-A878-39C315074703}.Ad-Hoc|x64.Deploy.0 = Ad-Hoc|iPhone
		{8AD98784-D0B4-4FCD-A878-39C315074703}.Ad-Hoc|x86.ActiveCfg = Ad-Hoc|iPhone
		{8AD98784-D0B4-4FCD-A878-39C315074703}.Ad-Hoc|x86.Build.0 = Ad-Hoc|iPhone
		{8AD98784-D0B4-4FCD-A878-39C315074703}.Ad-Hoc|x86.Deploy.0 = Ad-Hoc|iPhone
		{8AD98784-D0B4-4FCD-A878-39C315074703}.AppStore|Any CPU.ActiveCfg = AppStore|iPhone
		{8AD98784-D0B4-4FCD-A878-39C315074703}.AppStore|Any CPU.Build.0 = AppStore|iPhone
		{8AD98784-D0B4-4FCD-A878-39C315074703}.AppStore|Any CPU.Deploy.0 = AppStore|iPhone
		{8AD98784-D0B4-4FCD-A878-39C315074703}.AppStore|ARM.ActiveCfg = AppStore|iPhone
		{8AD98784-D0B4-4FCD-A878-39C315074703}.AppStore|ARM.Build.0 = AppStore|iPhone
		{8AD98784-D0B4-4FCD-A878-39C315074703}.AppStore|ARM.Deploy.0 = AppStore|iPhone
		{8AD98784-D0B4-4FCD-A878-39C315074703}.AppStore|iPhone.ActiveCfg = AppStore|iPhone
		{8AD98784-D0B4-4FCD-A878-39C315074703}.AppStore|iPhone.Build.0 = AppStore|iPhone
		{8AD98784-D0B4-4FCD-A878-39C315074703}.AppStore|iPhone.Deploy.0 = AppStore|iPhone
		{8AD98784-D0B4-4FCD-A878-39C315074703}.AppStore|iPhoneSimulator.ActiveCfg = AppStore|iPhoneSimulator
		{8AD98784-D0B4-4FCD-A878-39C315074703}.AppStore|iPhoneSimulator.Build.0 = AppStore|iPhoneSimulator
		{8AD98784-D0B4-4FCD-A878-39C315074703}.AppStore|iPhoneSimulator.Deploy.0 = AppStore|iPhoneSimulator
		{8AD98784-D0B4-4FCD-A878-39C315074703}.AppStore|x64.ActiveCfg = AppStore|iPhone
		{8AD98784-D0B4-4FCD-A878-39C315074703}.AppStore|x64.Build.0 = AppStore|iPhone
		{8AD98784-D0B4-4FCD-A878-39C315074703}.AppStore|x64.Deploy.0 = AppStore|iPhone
		{8AD98784-D0B4-4FCD-A878-39C315074703}.AppStore|x86.ActiveCfg = AppStore|iPhone
		{8AD98784-D0B4-4FCD-A878-39C315074703}.AppStore|x86.Build.0 = AppStore|iPhone
		{8AD98784-D0B4-4FCD-A878-39C315074703}.AppStore|x86.Deploy.0 = AppStore|iPhone
		{8AD98784-D0B4-4FCD-A878-39C315074703}.Debug|Any CPU.ActiveCfg = Debug|iPhoneSimulator
		{8AD98784-D0B4-4FCD-A878-39C315074703}.Debug|Any CPU.Build.0 = Debug|iPhoneSimulator
		{8AD98784-D0B4-4FCD-A878-39C315074703}.Debug|Any CPU.Deploy.0 = Debug|iPhoneSimulator
		{8AD98784-D0B4-4FCD-A878-39C315074703}.Debug|ARM.ActiveCfg = Debug|iPhone
		{8AD98784-D0B4-4FCD-A878-39C315074703}.Debug|ARM.Build.0 = Debug|iPhone
		{8AD98784-D0B4-4FCD-A878-39C315074703}.Debug|ARM.Deploy.0 = Debug|iPhone
		{8AD98784-D0B4-4FCD-A878-39C315074703}.Debug|iPhone.ActiveCfg = Debug|iPhone
		{8AD98784-D0B4-4FCD-A878-39C315074703}.Debug|iPhone.Build.0 = Debug|iPhone
		{8AD98784-D0B4-4FCD-A878-39C315074703}.Debug|iPhone.Deploy.0 = Debug|iPhone
		{8AD98784-D0B4-4FCD-A878-39C315074703}.Debug|iPhoneSimulator.ActiveCfg = Debug|iPhoneSimulator
		{8AD98784-D0B4-4FCD-A878-39C315074703}.Debug|iPhoneSimulator.Build.0 = Debug|iPhoneSimulator
		{8AD98784-D0B4-4FCD-A878-39C315074703}.Debug|iPhoneSimulator.Deploy.0 = Debug|iPhoneSimulator
		{8AD98784-D0B4-4FCD-A878-39C315074703}.Debug|x64.ActiveCfg = Debug|iPhone
		{8AD98784-D0B4-4FCD-A878-39C315074703}.Debug|x64.Build.0 = Debug|iPhone
		{8AD98784-D0B4-4FCD-A878-39C315074703}.Debug|x64.Deploy.0 = Debug|iPhone
		{8AD98784-D0B4-4FCD-A878-39C315074703}.Debug|x86.ActiveCfg = Debug|iPhone
		{8AD98784-D0B4-4FCD-A878-39C315074703}.Debug|x86.Build.0 = Debug|iPhone
		{8AD98784-D0B4-4FCD-A878-39C315074703}.Debug|x86.Deploy.0 = Debug|iPhone
		{8AD98784-D0B4-4FCD-A878-39C315074703}.Release|Any CPU.ActiveCfg = Release|iPhone
		{8AD98784-D0B4-4FCD-A878-39C315074703}.Release|Any CPU.Build.0 = Release|iPhone
		{8AD98784-D0B4-4FCD-A878-39C315074703}.Release|Any CPU.Deploy.0 = Release|iPhone
		{8AD98784-D0B4-4FCD-A878-39C315074703}.Release|ARM.ActiveCfg = Release|iPhone
		{8AD98784-D0B4-4FCD-A878-39C315074703}.Release|ARM.Build.0 = Release|iPhone
		{8AD98784-D0B4-4FCD-A878-39C315074703}.Release|ARM.Deploy.0 = Release|iPhone
		{8AD98784-D0B4-4FCD-A878-39C315074703}.Release|iPhone.ActiveCfg = Release|iPhone
		{8AD98784-D0B4-4FCD-A878-39C315074703}.Release|iPhone.Build.0 = Release|iPhone
		{8AD98784-D0B4-4FCD-A878-39C315074703}.Release|iPhone.Deploy.0 = Release|iPhone
		{8AD98784-D0B4-4FCD-A878-39C315074703}.Release|iPhoneSimulator.ActiveCfg = Release|iPhoneSimulator
		{8AD98784-D0B4-4FCD-A878-39C315074703}.Release|iPhoneSimulator.Build.0 = Release|iPhoneSimulator
		{8AD98784-D0B4-4FCD-A878-39C315074703}.Release|iPhoneSimulator.Deploy.0 = Release|iPhoneSimulator
		{8AD98784-D0B4-4FCD-A878-39C315074703}.Release|x64.ActiveCfg = Release|iPhone
		{8AD98784-D0B4-4FCD-A878-39C315074703}.Release|x64.Build.0 = Release|iPhone
		{8AD98784-D0B4-4FCD-A878-39C315074703}.Release|x64.Deploy.0 = Release|iPhone
		{8AD98784-D0B4-4FCD-A878-39C315074703}.Release|x86.ActiveCfg = Release|iPhone
		{8AD98784-D0B4-4FCD-A878-39C315074703}.Release|x86.Build.0 = Release|iPhone
		{8AD98784-D0B4-4FCD-A878-39C315074703}.Release|x86.Deploy.0 = Release|iPhone
		{92B625BC-3EC5-4E52-BABC-A9DD4DF17B31}.Ad-Hoc|Any CPU.ActiveCfg = Release|x86
		{92B625BC-3EC5-4E52-BABC-A9DD4DF17B31}.Ad-Hoc|Any CPU.Build.0 = Release|x86
		{92B625BC-3EC5-4E52-BABC-A9DD4DF17B31}.Ad-Hoc|Any CPU.Deploy.0 = Release|x86
		{92B625BC-3EC5-4E52-BABC-A9DD4DF17B31}.Ad-Hoc|ARM.ActiveCfg = Release|ARM
		{92B625BC-3EC5-4E52-BABC-A9DD4DF17B31}.Ad-Hoc|ARM.Build.0 = Release|ARM
		{92B625BC-3EC5-4E52-BABC-A9DD4DF17B31}.Ad-Hoc|ARM.Deploy.0 = Release|ARM
		{92B625BC-3EC5-4E52-BABC-A9DD4DF17B31}.Ad-Hoc|iPhone.ActiveCfg = Release|x86
		{92B625BC-3EC5-4E52-BABC-A9DD4DF17B31}.Ad-Hoc|iPhone.Build.0 = Release|x86
		{92B625BC-3EC5-4E52-BABC-A9DD4DF17B31}.Ad-Hoc|iPhone.Deploy.0 = Release|x86
		{92B625BC-3EC5-4E52-BABC-A9DD4DF17B31}.Ad-Hoc|iPhoneSimulator.ActiveCfg = Release|x86
		{92B625BC-3EC5-4E52-BABC-A9DD4DF17B31}.Ad-Hoc|iPhoneSimulator.Build.0 = Release|x86
		{92B625BC-3EC5-4E52-BABC-A9DD4DF17B31}.Ad-Hoc|iPhoneSimulator.Deploy.0 = Release|x86
		{92B625BC-3EC5-4E52-BABC-A9DD4DF17B31}.Ad-Hoc|x64.ActiveCfg = Release|x64
		{92B625BC-3EC5-4E52-BABC-A9DD4DF17B31}.Ad-Hoc|x64.Build.0 = Release|x64
		{92B625BC-3EC5-4E52-BABC-A9DD4DF17B31}.Ad-Hoc|x64.Deploy.0 = Release|x64
		{92B625BC-3EC5-4E52-BABC-A9DD4DF17B31}.Ad-Hoc|x86.ActiveCfg = Release|x86
		{92B625BC-3EC5-4E52-BABC-A9DD4DF17B31}.Ad-Hoc|x86.Build.0 = Release|x86
		{92B625BC-3EC5-4E52-BABC-A9DD4DF17B31}.Ad-Hoc|x86.Deploy.0 = Release|x86
		{92B625BC-3EC5-4E52-BABC-A9DD4DF17B31}.AppStore|Any CPU.ActiveCfg = Release|x86
		{92B625BC-3EC5-4E52-BABC-A9DD4DF17B31}.AppStore|Any CPU.Build.0 = Release|x86
		{92B625BC-3EC5-4E52-BABC-A9DD4DF17B31}.AppStore|Any CPU.Deploy.0 = Release|x86
		{92B625BC-3EC5-4E52-BABC-A9DD4DF17B31}.AppStore|ARM.ActiveCfg = Release|ARM
		{92B625BC-3EC5-4E52-BABC-A9DD4DF17B31}.AppStore|ARM.Build.0 = Release|ARM
		{92B625BC-3EC5-4E52-BABC-A9DD4DF17B31}.AppStore|ARM.Deploy.0 = Release|ARM
		{92B625BC-3EC5-4E52-BABC-A9DD4DF17B31}.AppStore|iPhone.ActiveCfg = Release|x86
		{92B625BC-3EC5-4E52-BABC-A9DD4DF17B31}.AppStore|iPhone.Build.0 = Release|x86
		{92B625BC-3EC5-4E52-BABC-A9DD4DF17B31}.AppStore|iPhone.Deploy.0 = Release|x86
		{92B625BC-3EC5-4E52-BABC-A9DD4DF17B31}.AppStore|iPhoneSimulator.ActiveCfg = Release|x86
		{92B625BC-3EC5-4E52-BABC-A9DD4DF17B31}.AppStore|iPhoneSimulator.Build.0 = Release|x86
		{92B625BC-3EC5-4E52-BABC-A9DD4DF17B31}.AppStore|iPhoneSimulator.Deploy.0 = Release|x86
		{92B625BC-3EC5-4E52-BABC-A9DD4DF17B31}.AppStore|x64.ActiveCfg = Release|x64
		{92B625BC-3EC5-4E52-BABC-A9DD4DF17B31}.AppStore|x64.Build.0 = Release|x64
		{92B625BC-3EC5-4E52-BABC-A9DD4DF17B31}.AppStore|x64.Deploy.0 = Release|x64
		{92B625BC-3EC5-4E52-BABC-A9DD4DF17B31}.AppStore|x86.ActiveCfg = Release|x86
		{92B625BC-3EC5-4E52-BABC-A9DD4DF17B31}.AppStore|x86.Build.0 = Release|x86
		{92B625BC-3EC5-4E52-BABC-A9DD4DF17B31}.AppStore|x86.Deploy.0 = Release|x86
		{92B625BC-3EC5-4E52-BABC-A9DD4DF17B31}.Debug|Any CPU.ActiveCfg = Debug|x86
		{92B625BC-3EC5-4E52-BABC-A9DD4DF17B31}.Debug|Any CPU.Build.0 = Debug|x86
		{92B625BC-3EC5-4E52-BABC-A9DD4DF17B31}.Debug|Any CPU.Deploy.0 = Debug|x86
		{92B625BC-3EC5-4E52-BABC-A9DD4DF17B31}.Debug|ARM.ActiveCfg = Debug|ARM
		{92B625BC-3EC5-4E52-BABC-A9DD4DF17B31}.Debug|ARM.Build.0 = Debug|ARM
		{92B625BC-3EC5-4E52-BABC-A9DD4DF17B31}.Debug|ARM.Deploy.0 = Debug|ARM
		{92B625BC-3EC5-4E52-BABC-A9DD4DF17B31}.Debug|iPhone.ActiveCfg = Debug|x86
		{92B625BC-3EC5-4E52-BABC-A9DD4DF17B31}.Debug|iPhone.Build.0 = Debug|x86
		{92B625BC-3EC5-4E52-BABC-A9DD4DF17B31}.Debug|iPhone.Deploy.0 = Debug|x86
		{92B625BC-3EC5-4E52-BABC-A9DD4DF17B31}.Debug|iPhoneSimulator.ActiveCfg = Debug|x86
		{92B625BC-3EC5-4E52-BABC-A9DD4DF17B31}.Debug|iPhoneSimulator.Build.0 = Debug|x86
		{92B625BC-3EC5-4E52-BABC-A9DD4DF17B31}.Debug|iPhoneSimulator.Deploy.0 = Debug|x86
		{92B625BC-3EC5-4E52-BABC-A9DD4DF17B31}.Debug|x64.ActiveCfg = Debug|x64
		{92B625BC-3EC5-4E52-BABC-A9DD4DF17B31}.Debug|x64.Build.0 = Debug|x64
		{92B625BC-3EC5-4E52-BABC-A9DD4DF17B31}.Debug|x64.Deploy.0 = Debug|x64
		{92B625BC-3EC5-4E52-BABC-A9DD4DF17B31}.Debug|x86.ActiveCfg = Debug|x86
		{92B625BC-3EC5-4E52-BABC-A9DD4DF17B31}.Debug|x86.Build.0 = Debug|x86
		{92B625BC-3EC5-4E52-BABC-A9DD4DF17B31}.Debug|x86.Deploy.0 = Debug|x86
		{92B625BC-3EC5-4E52-BABC-A9DD4DF17B31}.Release|Any CPU.ActiveCfg = Release|x86
		{92B625BC-3EC5-4E52-BABC-A9DD4DF17B31}.Release|Any CPU.Build.0 = Release|x86
		{92B625BC-3EC5-4E52-BABC-A9DD4DF17B31}.Release|Any CPU.Deploy.0 = Release|x86
		{92B625BC-3EC5-4E52-BABC-A9DD4DF17B31}.Release|ARM.ActiveCfg = Release|ARM
		{92B625BC-3EC5-4E52-BABC-A9DD4DF17B31}.Release|ARM.Build.0 = Release|ARM
		{92B625BC-3EC5-4E52-BABC-A9DD4DF17B31}.Release|ARM.Deploy.0 = Release|ARM
		{92B625BC-3EC5-4E52-BABC-A9DD4DF17B31}.Release|iPhone.ActiveCfg = Release|x86
		{92B625BC-3EC5-4E52-BABC-A9DD4DF17B31}.Release|iPhone.Build.0 = Release|x86
		{92B625BC-3EC5-4E52-BABC-A9DD4DF17B31}.Release|iPhone.Deploy.0 = Release|x86
		{92B625BC-3EC5-4E52-BABC-A9DD4DF17B31}.Release|iPhoneSimulator.ActiveCfg = Release|x86
		{92B625BC-3EC5-4E52-BABC-A9DD4DF17B31}.Release|iPhoneSimulator.Build.0 = Release|x86
		{92B625BC-3EC5-4E52-BABC-A9DD4DF17B31}.Release|iPhoneSimulator.Deploy.0 = Release|x86
		{92B625BC-3EC5-4E52-BABC-A9DD4DF17B31}.Release|x64.ActiveCfg = Release|x64
		{92B625BC-3EC5-4E52-BABC-A9DD4DF17B31}.Release|x64.Build.0 = Release|x64
		{92B625BC-3EC5-4E52-BABC-A9DD4DF17B31}.Release|x64.Deploy.0 = Release|x64
		{92B625BC-3EC5-4E52-BABC-A9DD4DF17B31}.Release|x86.ActiveCfg = Release|x86
		{92B625BC-3EC5-4E52-BABC-A9DD4DF17B31}.Release|x86.Build.0 = Release|x86
		{92B625BC-3EC5-4E52-BABC-A9DD4DF17B31}.Release|x86.Deploy.0 = Release|x86
		{1660BFF3-728B-41EA-9204-88B1183D8268}.Ad-Hoc|Any CPU.ActiveCfg = Debug|Any CPU
		{1660BFF3-728B-41EA-9204-88B1183D8268}.Ad-Hoc|Any CPU.Build.0 = Debug|Any CPU
		{1660BFF3-728B-41EA-9204-88B1183D8268}.Ad-Hoc|Any CPU.Deploy.0 = Debug|Any CPU
		{1660BFF3-728B-41EA-9204-88B1183D8268}.Ad-Hoc|ARM.ActiveCfg = Debug|Any CPU
		{1660BFF3-728B-41EA-9204-88B1183D8268}.Ad-Hoc|ARM.Build.0 = Debug|Any CPU
		{1660BFF3-728B-41EA-9204-88B1183D8268}.Ad-Hoc|ARM.Deploy.0 = Debug|Any CPU
		{1660BFF3-728B-41EA-9204-88B1183D8268}.Ad-Hoc|iPhone.ActiveCfg = Debug|Any CPU
		{1660BFF3-728B-41EA-9204-88B1183D8268}.Ad-Hoc|iPhone.Build.0 = Debug|Any CPU
		{1660BFF3-728B-41EA-9204-88B1183D8268}.Ad-Hoc|iPhone.Deploy.0 = Debug|Any CPU
		{1660BFF3-728B-41EA-9204-88B1183D8268}.Ad-Hoc|iPhoneSimulator.ActiveCfg = Debug|Any CPU
		{1660BFF3-728B-41EA-9204-88B1183D8268}.Ad-Hoc|iPhoneSimulator.Build.0 = Debug|Any CPU
		{1660BFF3-728B-41EA-9204-88B1183D8268}.Ad-Hoc|iPhoneSimulator.Deploy.0 = Debug|Any CPU
		{1660BFF3-728B-41EA-9204-88B1183D8268}.Ad-Hoc|x64.ActiveCfg = Debug|Any CPU
		{1660BFF3-728B-41EA-9204-88B1183D8268}.Ad-Hoc|x64.Build.0 = Debug|Any CPU
		{1660BFF3-728B-41EA-9204-88B1183D8268}.Ad-Hoc|x64.Deploy.0 = Debug|Any CPU
		{1660BFF3-728B-41EA-9204-88B1183D8268}.Ad-Hoc|x86.ActiveCfg = Debug|Any CPU
		{1660BFF3-728B-41EA-9204-88B1183D8268}.Ad-Hoc|x86.Build.0 = Debug|Any CPU
		{1660BFF3-728B-41EA-9204-88B1183D8268}.Ad-Hoc|x86.Deploy.0 = Debug|Any CPU
		{1660BFF3-728B-41EA-9204-88B1183D8268}.AppStore|Any CPU.ActiveCfg = Debug|Any CPU
		{1660BFF3-728B-41EA-9204-88B1183D8268}.AppStore|Any CPU.Build.0 = Debug|Any CPU
		{1660BFF3-728B-41EA-9204-88B1183D8268}.AppStore|Any CPU.Deploy.0 = Debug|Any CPU
		{1660BFF3-728B-41EA-9204-88B1183D8268}.AppStore|ARM.ActiveCfg = Debug|Any CPU
		{1660BFF3-728B-41EA-9204-88B1183D8268}.AppStore|ARM.Build.0 = Debug|Any CPU
		{1660BFF3-728B-41EA-9204-88B1183D8268}.AppStore|ARM.Deploy.0 = Debug|Any CPU
		{1660BFF3-728B-41EA-9204-88B1183D8268}.AppStore|iPhone.ActiveCfg = Debug|Any CPU
		{1660BFF3-728B-41EA-9204-88B1183D8268}.AppStore|iPhone.Build.0 = Debug|Any CPU
		{1660BFF3-728B-41EA-9204-88B1183D8268}.AppStore|iPhone.Deploy.0 = Debug|Any CPU
		{1660BFF3-728B-41EA-9204-88B1183D8268}.AppStore|iPhoneSimulator.ActiveCfg = Debug|Any CPU
		{1660BFF3-728B-41EA-9204-88B1183D8268}.AppStore|iPhoneSimulator.Build.0 = Debug|Any CPU
		{1660BFF3-728B-41EA-9204-88B1183D8268}.AppStore|iPhoneSimulator.Deploy.0 = Debug|Any CPU
		{1660BFF3-728B-41EA-9204-88B1183D8268}.AppStore|x64.ActiveCfg = Debug|Any CPU
		{1660BFF3-728B-41EA-9204-88B1183D8268}.AppStore|x64.Build.0 = Debug|Any CPU
		{1660BFF3-728B-41EA-9204-88B1183D8268}.AppStore|x64.Deploy.0 = Debug|Any CPU
		{1660BFF3-728B-41EA-9204-88B1183D8268}.AppStore|x86.ActiveCfg = Debug|Any CPU
		{1660BFF3-728B-41EA-9204-88B1183D8268}.AppStore|x86.Build.0 = Debug|Any CPU
		{1660BFF3-728B-41EA-9204-88B1183D8268}.AppStore|x86.Deploy.0 = Debug|Any CPU
		{1660BFF3-728B-41EA-9204-88B1183D8268}.Debug|Any CPU.ActiveCfg = Debug|Any CPU
		{1660BFF3-728B-41EA-9204-88B1183D8268}.Debug|Any CPU.Build.0 = Debug|Any CPU
		{1660BFF3-728B-41EA-9204-88B1183D8268}.Debug|Any CPU.Deploy.0 = Debug|Any CPU
		{1660BFF3-728B-41EA-9204-88B1183D8268}.Debug|ARM.ActiveCfg = Debug|Any CPU
		{1660BFF3-728B-41EA-9204-88B1183D8268}.Debug|ARM.Build.0 = Debug|Any CPU
		{1660BFF3-728B-41EA-9204-88B1183D8268}.Debug|ARM.Deploy.0 = Debug|Any CPU
		{1660BFF3-728B-41EA-9204-88B1183D8268}.Debug|iPhone.ActiveCfg = Debug|Any CPU
		{1660BFF3-728B-41EA-9204-88B1183D8268}.Debug|iPhone.Build.0 = Debug|Any CPU
		{1660BFF3-728B-41EA-9204-88B1183D8268}.Debug|iPhone.Deploy.0 = Debug|Any CPU
		{1660BFF3-728B-41EA-9204-88B1183D8268}.Debug|iPhoneSimulator.ActiveCfg = Debug|Any CPU
		{1660BFF3-728B-41EA-9204-88B1183D8268}.Debug|iPhoneSimulator.Build.0 = Debug|Any CPU
		{1660BFF3-728B-41EA-9204-88B1183D8268}.Debug|iPhoneSimulator.Deploy.0 = Debug|Any CPU
		{1660BFF3-728B-41EA-9204-88B1183D8268}.Debug|x64.ActiveCfg = Debug|Any CPU
		{1660BFF3-728B-41EA-9204-88B1183D8268}.Debug|x64.Build.0 = Debug|Any CPU
		{1660BFF3-728B-41EA-9204-88B1183D8268}.Debug|x64.Deploy.0 = Debug|Any CPU
		{1660BFF3-728B-41EA-9204-88B1183D8268}.Debug|x86.ActiveCfg = Debug|Any CPU
		{1660BFF3-728B-41EA-9204-88B1183D8268}.Debug|x86.Build.0 = Debug|Any CPU
		{1660BFF3-728B-41EA-9204-88B1183D8268}.Debug|x86.Deploy.0 = Debug|Any CPU
		{1660BFF3-728B-41EA-9204-88B1183D8268}.Release|Any CPU.ActiveCfg = Release|Any CPU
		{1660BFF3-728B-41EA-9204-88B1183D8268}.Release|Any CPU.Build.0 = Release|Any CPU
		{1660BFF3-728B-41EA-9204-88B1183D8268}.Release|Any CPU.Deploy.0 = Release|Any CPU
		{1660BFF3-728B-41EA-9204-88B1183D8268}.Release|ARM.ActiveCfg = Release|Any CPU
		{1660BFF3-728B-41EA-9204-88B1183D8268}.Release|ARM.Build.0 = Release|Any CPU
		{1660BFF3-728B-41EA-9204-88B1183D8268}.Release|ARM.Deploy.0 = Release|Any CPU
		{1660BFF3-728B-41EA-9204-88B1183D8268}.Release|iPhone.ActiveCfg = Release|Any CPU
		{1660BFF3-728B-41EA-9204-88B1183D8268}.Release|iPhone.Build.0 = Release|Any CPU
		{1660BFF3-728B-41EA-9204-88B1183D8268}.Release|iPhone.Deploy.0 = Release|Any CPU
		{1660BFF3-728B-41EA-9204-88B1183D8268}.Release|iPhoneSimulator.ActiveCfg = Release|Any CPU
		{1660BFF3-728B-41EA-9204-88B1183D8268}.Release|iPhoneSimulator.Build.0 = Release|Any CPU
		{1660BFF3-728B-41EA-9204-88B1183D8268}.Release|iPhoneSimulator.Deploy.0 = Release|Any CPU
		{1660BFF3-728B-41EA-9204-88B1183D8268}.Release|x64.ActiveCfg = Release|Any CPU
		{1660BFF3-728B-41EA-9204-88B1183D8268}.Release|x64.Build.0 = Release|Any CPU
		{1660BFF3-728B-41EA-9204-88B1183D8268}.Release|x64.Deploy.0 = Release|Any CPU
		{1660BFF3-728B-41EA-9204-88B1183D8268}.Release|x86.ActiveCfg = Release|Any CPU
		{1660BFF3-728B-41EA-9204-88B1183D8268}.Release|x86.Build.0 = Release|Any CPU
		{1660BFF3-728B-41EA-9204-88B1183D8268}.Release|x86.Deploy.0 = Release|Any CPU
	EndGlobalSection
	GlobalSection(SolutionProperties) = preSolution
		HideSolutionNode = FALSE
	EndGlobalSection
	GlobalSection(ExtensibilityGlobals) = postSolution
		SolutionGuid = {6E8DA29E-95FB-4A8C-83C6-B38CB20EA20D}
	EndGlobalSection
EndGlobal
